
Microsoft Visual Studio Solution File, Format Version 12.00
# Visual Studio Version 16
VisualStudioVersion = 16.0.31129.286
MinimumVisualStudioVersion = 10.0.40219.1
Project("{FAE04EC0-301F-11D3-BF4B-00C04F79EFBC}") = "DataBase001", "DataBase001\DataBase001.csproj", "{571E37A5-2AA4-4982-A132-616B90347115}"
EndProject
Global
	GlobalSection(SolutionConfigurationPlatforms) = preSolution
		Debug|Any CPU = Debug|Any CPU
		Release|Any CPU = Release|Any CPU
	EndGlobalSection
	GlobalSection(ProjectConfigurationPlatforms) = postSolution
		{571E37A5-2AA4-4982-A132-616B90347115}.Debug|Any CPU.ActiveCfg = Debug|Any CPU
		{571E37A5-2AA4-4982-A132-616B90347115}.Debug|Any CPU.Build.0 = Debug|Any CPU
		{571E37A5-2AA4-4982-A132-616B90347115}.Release|Any CPU.ActiveCfg = Release|Any CPU
		{571E37A5-2AA4-4982-A132-616B90347115}.Release|Any CPU.Build.0 = Release|Any CPU
	EndGlobalSection
	GlobalSection(SolutionProperties) = preSolution
		HideSolutionNode = FALSE
	EndGlobalSection
	GlobalSection(ExtensibilityGlobals) = postSolution
		SolutionGuid = {2E9D1E20-E5E8-4742-B319-990C0D66C3E1}
	EndGlobalSection
EndGlobal
